
Microsoft Visual Studio Solution File, Format Version 12.00
# Visual Studio Version 17
VisualStudioVersion = 17.5.002.0
MinimumVisualStudioVersion = 10.0.40219.1
Project("{2150E333-8FDC-42A3-9474-1A3956D46DE8}") = "csharp-prep", "csharp-prep", "{8D935E1E-B885-4B4D-9DA8-2138194DC619}"
EndProject
Project("{9A19103F-16F7-4668-BE54-9A1E7A4F7556}") = "Prep1", "csharp-prep\Prep1\Prep1.csproj", "{7CBF7585-3D97-4ED2-976E-73389EA144A7}"
EndProject
Project("{9A19103F-16F7-4668-BE54-9A1E7A4F7556}") = "Prep2", "csharp-prep\Prep2\Prep2.csproj", "{BD8019CE-F9AD-4FAB-A6FD-008F591E10C9}"
EndProject
Project("{9A19103F-16F7-4668-BE54-9A1E7A4F7556}") = "Prep3", "csharp-prep\Prep3\Prep3.csproj", "{8E1C40FE-111A-4E4F-B7A6-2757C3A8C301}"
EndProject
Project("{9A19103F-16F7-4668-BE54-9A1E7A4F7556}") = "Prep4", "csharp-prep\Prep4\Prep4.csproj", "{BDEC0B30-1522-4532-A409-6B4859CFAC89}"
EndProject
Project("{9A19103F-16F7-4668-BE54-9A1E7A4F7556}") = "Prep5", "csharp-prep\Prep5\Prep5.csproj", "{79B80423-5207-4B2A-9CAC-5A45F9942B27}"
EndProject
Project("{2150E333-8FDC-42A3-9474-1A3956D46DE8}") = "final", "final", "{22F6C704-2609-45ED-A6B8-54DDEE591487}"
EndProject
Project("{9A19103F-16F7-4668-BE54-9A1E7A4F7556}") = "FinalProject", "final\FinalProject\FinalProject.csproj", "{00915E43-C6AF-4B93-AEB1-2BEF19C849D0}"
EndProject
Project("{9A19103F-16F7-4668-BE54-9A1E7A4F7556}") = "Foundation1", "final\Foundation1\Foundation1.csproj", "{ABFD3ECB-D245-4D81-95BB-DB02C7E9C186}"
EndProject
Project("{9A19103F-16F7-4668-BE54-9A1E7A4F7556}") = "Foundation2", "final\Foundation2\Foundation2.csproj", "{8C6BFE63-B775-4E12-8CF7-F1221E8361AE}"
EndProject
Project("{9A19103F-16F7-4668-BE54-9A1E7A4F7556}") = "Foundation3", "final\Foundation3\Foundation3.csproj", "{0514E705-09D7-46A8-BA9F-7490CE3A89B5}"
EndProject
Project("{9A19103F-16F7-4668-BE54-9A1E7A4F7556}") = "Foundation4", "final\Foundation4\Foundation4.csproj", "{4F2053AF-5E68-417B-86F0-B8C35ADA7F62}"
EndProject
Project("{2150E333-8FDC-42A3-9474-1A3956D46DE8}") = "prepare", "prepare", "{3AE9221E-7529-47B1-B442-5BE2A54F6641}"
EndProject
Project("{9A19103F-16F7-4668-BE54-9A1E7A4F7556}") = "Learning02", "prepare\Learning02\Learning02.csproj", "{FE8E3479-EB27-4D25-8408-49200711F8D8}"
EndProject
Project("{9A19103F-16F7-4668-BE54-9A1E7A4F7556}") = "Learning03", "prepare\Learning03\Learning03.csproj", "{420AF1FE-7AE0-41BA-BC70-B794DB8E6397}"
EndProject
Project("{9A19103F-16F7-4668-BE54-9A1E7A4F7556}") = "Learning04", "prepare\Learning04\Learning04.csproj", "{CEA409CF-0659-47AC-BE68-E50A651E0E1E}"
EndProject
Project("{9A19103F-16F7-4668-BE54-9A1E7A4F7556}") = "Learning05", "prepare\Learning05\Learning05.csproj", "{F4FDB03A-7BD5-4505-83E5-428C3570FD18}"
EndProject
Project("{2150E333-8FDC-42A3-9474-1A3956D46DE8}") = "prove", "prove", "{FF394459-1AE4-4380-A700-3AF3C1410775}"
EndProject
Project("{9A19103F-16F7-4668-BE54-9A1E7A4F7556}") = "Develop02", "prove\Develop02\Develop02.csproj", "{F3BE0772-517B-4F9C-AA20-DE8E7334A14D}"
EndProject
Project("{9A19103F-16F7-4668-BE54-9A1E7A4F7556}") = "Develop03", "prove\Develop03\Develop03.csproj", "{FD5AC97B-9782-4FB2-B0DB-5C86F22A188B}"
EndProject
Project("{9A19103F-16F7-4668-BE54-9A1E7A4F7556}") = "Develop04", "prove\Develop04\Develop04.csproj", "{84AC6BBD-4832-4560-BB86-E8132FEB7A05}"
EndProject
Project("{9A19103F-16F7-4668-BE54-9A1E7A4F7556}") = "Develop05", "prove\Develop05\Develop05.csproj", "{D8A635EB-04B6-4C97-ABCE-CA4C12807FBB}"
EndProject
Project("{2150E333-8FDC-42A3-9474-1A3956D46DE8}") = "sandbox", "sandbox", "{C45C8D57-D28D-4BB8-A45A-E6658B0F898C}"
EndProject
Project("{9A19103F-16F7-4668-BE54-9A1E7A4F7556}") = "Sandbox", "sandbox\Sandbox\Sandbox.csproj", "{8FCF86C3-516C-429F-AB31-57A36CF7DE66}"
EndProject
Global
	GlobalSection(SolutionConfigurationPlatforms) = preSolution
		Debug|Any CPU = Debug|Any CPU
		Release|Any CPU = Release|Any CPU
	EndGlobalSection
	GlobalSection(ProjectConfigurationPlatforms) = postSolution
		{7CBF7585-3D97-4ED2-976E-73389EA144A7}.Debug|Any CPU.ActiveCfg = Debug|Any CPU
		{7CBF7585-3D97-4ED2-976E-73389EA144A7}.Debug|Any CPU.Build.0 = Debug|Any CPU
		{7CBF7585-3D97-4ED2-976E-73389EA144A7}.Release|Any CPU.ActiveCfg = Release|Any CPU
		{7CBF7585-3D97-4ED2-976E-73389EA144A7}.Release|Any CPU.Build.0 = Release|Any CPU
		{BD8019CE-F9AD-4FAB-A6FD-008F591E10C9}.Debug|Any CPU.ActiveCfg = Debug|Any CPU
		{BD8019CE-F9AD-4FAB-A6FD-008F591E10C9}.Debug|Any CPU.Build.0 = Debug|Any CPU
		{BD8019CE-F9AD-4FAB-A6FD-008F591E10C9}.Release|Any CPU.ActiveCfg = Release|Any CPU
		{BD8019CE-F9AD-4FAB-A6FD-008F591E10C9}.Release|Any CPU.Build.0 = Release|Any CPU
		{8E1C40FE-111A-4E4F-B7A6-2757C3A8C301}.Debug|Any CPU.ActiveCfg = Debug|Any CPU
		{8E1C40FE-111A-4E4F-B7A6-2757C3A8C301}.Debug|Any CPU.Build.0 = Debug|Any CPU
		{8E1C40FE-111A-4E4F-B7A6-2757C3A8C301}.Release|Any CPU.ActiveCfg = Release|Any CPU
		{8E1C40FE-111A-4E4F-B7A6-2757C3A8C301}.Release|Any CPU.Build.0 = Release|Any CPU
		{BDEC0B30-1522-4532-A409-6B4859CFAC89}.Debug|Any CPU.ActiveCfg = Debug|Any CPU
		{BDEC0B30-1522-4532-A409-6B4859CFAC89}.Debug|Any CPU.Build.0 = Debug|Any CPU
		{BDEC0B30-1522-4532-A409-6B4859CFAC89}.Release|Any CPU.ActiveCfg = Release|Any CPU
		{BDEC0B30-1522-4532-A409-6B4859CFAC89}.Release|Any CPU.Build.0 = Release|Any CPU
		{79B80423-5207-4B2A-9CAC-5A45F9942B27}.Debug|Any CPU.ActiveCfg = Debug|Any CPU
		{79B80423-5207-4B2A-9CAC-5A45F9942B27}.Debug|Any CPU.Build.0 = Debug|Any CPU
		{79B80423-5207-4B2A-9CAC-5A45F9942B27}.Release|Any CPU.ActiveCfg = Release|Any CPU
		{79B80423-5207-4B2A-9CAC-5A45F9942B27}.Release|Any CPU.Build.0 = Release|Any CPU
		{00915E43-C6AF-4B93-AEB1-2BEF19C849D0}.Debug|Any CPU.ActiveCfg = Debug|Any CPU
		{00915E43-C6AF-4B93-AEB1-2BEF19C849D0}.Debug|Any CPU.Build.0 = Debug|Any CPU
		{00915E43-C6AF-4B93-AEB1-2BEF19C849D0}.Release|Any CPU.ActiveCfg = Release|Any CPU
		{00915E43-C6AF-4B93-AEB1-2BEF19C849D0}.Release|Any CPU.Build.0 = Release|Any CPU
		{ABFD3ECB-D245-4D81-95BB-DB02C7E9C186}.Debug|Any CPU.ActiveCfg = Debug|Any CPU
		{ABFD3ECB-D245-4D81-95BB-DB02C7E9C186}.Debug|Any CPU.Build.0 = Debug|Any CPU
		{ABFD3ECB-D245-4D81-95BB-DB02C7E9C186}.Release|Any CPU.ActiveCfg = Release|Any CPU
		{ABFD3ECB-D245-4D81-95BB-DB02C7E9C186}.Release|Any CPU.Build.0 = Release|Any CPU
		{8C6BFE63-B775-4E12-8CF7-F1221E8361AE}.Debug|Any CPU.ActiveCfg = Debug|Any CPU
		{8C6BFE63-B775-4E12-8CF7-F1221E8361AE}.Debug|Any CPU.Build.0 = Debug|Any CPU
		{8C6BFE63-B775-4E12-8CF7-F1221E8361AE}.Release|Any CPU.ActiveCfg = Release|Any CPU
		{8C6BFE63-B775-4E12-8CF7-F1221E8361AE}.Release|Any CPU.Build.0 = Release|Any CPU
		{0514E705-09D7-46A8-BA9F-7490CE3A89B5}.Debug|Any CPU.ActiveCfg = Debug|Any CPU
		{0514E705-09D7-46A8-BA9F-7490CE3A89B5}.Debug|Any CPU.Build.0 = Debug|Any CPU
		{0514E705-09D7-46A8-BA9F-7490CE3A89B5}.Release|Any CPU.ActiveCfg = Release|Any CPU
		{0514E705-09D7-46A8-BA9F-7490CE3A89B5}.Release|Any CPU.Build.0 = Release|Any CPU
		{4F2053AF-5E68-417B-86F0-B8C35ADA7F62}.Debug|Any CPU.ActiveCfg = Debug|Any CPU
		{4F2053AF-5E68-417B-86F0-B8C35ADA7F62}.Debug|Any CPU.Build.0 = Debug|Any CPU
		{4F2053AF-5E68-417B-86F0-B8C35ADA7F62}.Release|Any CPU.ActiveCfg = Release|Any CPU
		{4F2053AF-5E68-417B-86F0-B8C35ADA7F62}.Release|Any CPU.Build.0 = Release|Any CPU
		{FE8E3479-EB27-4D25-8408-49200711F8D8}.Debug|Any CPU.ActiveCfg = Debug|Any CPU
		{FE8E3479-EB27-4D25-8408-49200711F8D8}.Debug|Any CPU.Build.0 = Debug|Any CPU
		{FE8E3479-EB27-4D25-8408-49200711F8D8}.Release|Any CPU.ActiveCfg = Release|Any CPU
		{FE8E3479-EB27-4D25-8408-49200711F8D8}.Release|Any CPU.Build.0 = Release|Any CPU
		{420AF1FE-7AE0-41BA-BC70-B794DB8E6397}.Debug|Any CPU.ActiveCfg = Debug|Any CPU
		{420AF1FE-7AE0-41BA-BC70-B794DB8E6397}.Debug|Any CPU.Build.0 = Debug|Any CPU
		{420AF1FE-7AE0-41BA-BC70-B794DB8E6397}.Release|Any CPU.ActiveCfg = Release|Any CPU
		{420AF1FE-7AE0-41BA-BC70-B794DB8E6397}.Release|Any CPU.Build.0 = Release|Any CPU
		{CEA409CF-0659-47AC-BE68-E50A651E0E1E}.Debug|Any CPU.ActiveCfg = Debug|Any CPU
		{CEA409CF-0659-47AC-BE68-E50A651E0E1E}.Debug|Any CPU.Build.0 = Debug|Any CPU
		{CEA409CF-0659-47AC-BE68-E50A651E0E1E}.Release|Any CPU.ActiveCfg = Release|Any CPU
		{CEA409CF-0659-47AC-BE68-E50A651E0E1E}.Release|Any CPU.Build.0 = Release|Any CPU
		{F4FDB03A-7BD5-4505-83E5-428C3570FD18}.Debug|Any CPU.ActiveCfg = Debug|Any CPU
		{F4FDB03A-7BD5-4505-83E5-428C3570FD18}.Debug|Any CPU.Build.0 = Debug|Any CPU
		{F4FDB03A-7BD5-4505-83E5-428C3570FD18}.Release|Any CPU.ActiveCfg = Release|Any CPU
		{F4FDB03A-7BD5-4505-83E5-428C3570FD18}.Release|Any CPU.Build.0 = Release|Any CPU
		{F3BE0772-517B-4F9C-AA20-DE8E7334A14D}.Debug|Any CPU.ActiveCfg = Debug|Any CPU
		{F3BE0772-517B-4F9C-AA20-DE8E7334A14D}.Debug|Any CPU.Build.0 = Debug|Any CPU
		{F3BE0772-517B-4F9C-AA20-DE8E7334A14D}.Release|Any CPU.ActiveCfg = Release|Any CPU
		{F3BE0772-517B-4F9C-AA20-DE8E7334A14D}.Release|Any CPU.Build.0 = Release|Any CPU
		{FD5AC97B-9782-4FB2-B0DB-5C86F22A188B}.Debug|Any CPU.ActiveCfg = Debug|Any CPU
		{FD5AC97B-9782-4FB2-B0DB-5C86F22A188B}.Debug|Any CPU.Build.0 = Debug|Any CPU
		{FD5AC97B-9782-4FB2-B0DB-5C86F22A188B}.Release|Any CPU.ActiveCfg = Release|Any CPU
		{FD5AC97B-9782-4FB2-B0DB-5C86F22A188B}.Release|Any CPU.Build.0 = Release|Any CPU
		{84AC6BBD-4832-4560-BB86-E8132FEB7A05}.Debug|Any CPU.ActiveCfg = Debug|Any CPU
		{84AC6BBD-4832-4560-BB86-E8132FEB7A05}.Debug|Any CPU.Build.0 = Debug|Any CPU
		{84AC6BBD-4832-4560-BB86-E8132FEB7A05}.Release|Any CPU.ActiveCfg = Release|Any CPU
		{84AC6BBD-4832-4560-BB86-E8132FEB7A05}.Release|Any CPU.Build.0 = Release|Any CPU
		{D8A635EB-04B6-4C97-ABCE-CA4C12807FBB}.Debug|Any CPU.ActiveCfg = Debug|Any CPU
		{D8A635EB-04B6-4C97-ABCE-CA4C12807FBB}.Debug|Any CPU.Build.0 = Debug|Any CPU
		{D8A635EB-04B6-4C97-ABCE-CA4C12807FBB}.Release|Any CPU.ActiveCfg = Release|Any CPU
		{D8A635EB-04B6-4C97-ABCE-CA4C12807FBB}.Release|Any CPU.Build.0 = Release|Any CPU
		{8FCF86C3-516C-429F-AB31-57A36CF7DE66}.Debug|Any CPU.ActiveCfg = Debug|Any CPU
		{8FCF86C3-516C-429F-AB31-57A36CF7DE66}.Debug|Any CPU.Build.0 = Debug|Any CPU
		{8FCF86C3-516C-429F-AB31-57A36CF7DE66}.Release|Any CPU.ActiveCfg = Release|Any CPU
		{8FCF86C3-516C-429F-AB31-57A36CF7DE66}.Release|Any CPU.Build.0 = Release|Any CPU
	EndGlobalSection
	GlobalSection(SolutionProperties) = preSolution
		HideSolutionNode = FALSE
	EndGlobalSection
	GlobalSection(NestedProjects) = preSolution
		{7CBF7585-3D97-4ED2-976E-73389EA144A7} = {8D935E1E-B885-4B4D-9DA8-2138194DC619}
		{BD8019CE-F9AD-4FAB-A6FD-008F591E10C9} = {8D935E1E-B885-4B4D-9DA8-2138194DC619}
		{8E1C40FE-111A-4E4F-B7A6-2757C3A8C301} = {8D935E1E-B885-4B4D-9DA8-2138194DC619}
		{BDEC0B30-1522-4532-A409-6B4859CFAC89} = {8D935E1E-B885-4B4D-9DA8-2138194DC619}
		{79B80423-5207-4B2A-9CAC-5A45F9942B27} = {8D935E1E-B885-4B4D-9DA8-2138194DC619}
		{00915E43-C6AF-4B93-AEB1-2BEF19C849D0} = {22F6C704-2609-45ED-A6B8-54DDEE591487}
		{ABFD3ECB-D245-4D81-95BB-DB02C7E9C186} = {22F6C704-2609-45ED-A6B8-54DDEE591487}
		{8C6BFE63-B775-4E12-8CF7-F1221E8361AE} = {22F6C704-2609-45ED-A6B8-54DDEE591487}
		{0514E705-09D7-46A8-BA9F-7490CE3A89B5} = {22F6C704-2609-45ED-A6B8-54DDEE591487}
		{4F2053AF-5E68-417B-86F0-B8C35ADA7F62} = {22F6C704-2609-45ED-A6B8-54DDEE591487}
		{FE8E3479-EB27-4D25-8408-49200711F8D8} = {3AE9221E-7529-47B1-B442-5BE2A54F6641}
		{420AF1FE-7AE0-41BA-BC70-B794DB8E6397} = {3AE9221E-7529-47B1-B442-5BE2A54F6641}
		{CEA409CF-0659-47AC-BE68-E50A651E0E1E} = {3AE9221E-7529-47B1-B442-5BE2A54F6641}
		{F4FDB03A-7BD5-4505-83E5-428C3570FD18} = {3AE9221E-7529-47B1-B442-5BE2A54F6641}
		{F3BE0772-517B-4F9C-AA20-DE8E7334A14D} = {FF394459-1AE4-4380-A700-3AF3C1410775}
		{FD5AC97B-9782-4FB2-B0DB-5C86F22A188B} = {FF394459-1AE4-4380-A700-3AF3C1410775}
		{84AC6BBD-4832-4560-BB86-E8132FEB7A05} = {FF394459-1AE4-4380-A700-3AF3C1410775}
		{D8A635EB-04B6-4C97-ABCE-CA4C12807FBB} = {FF394459-1AE4-4380-A700-3AF3C1410775}
		{8FCF86C3-516C-429F-AB31-57A36CF7DE66} = {C45C8D57-D28D-4BB8-A45A-E6658B0F898C}
	EndGlobalSection
	GlobalSection(ExtensibilityGlobals) = postSolution
		SolutionGuid = {60ABC574-F44A-448B-A42F-7AFE99476841}
	EndGlobalSection
EndGlobal
