
Microsoft Visual Studio Solution File, Format Version 12.00
# Visual Studio Version 17
VisualStudioVersion = 17.5.002.0
MinimumVisualStudioVersion = 10.0.40219.1
Project("{2150E333-8FDC-42A3-9474-1A3956D46DE8}") = "csharp-prep", "csharp-prep", "{45AA7B87-D593-4C8C-8B98-BF3F5BE32F85}"
EndProject
Project("{9A19103F-16F7-4668-BE54-9A1E7A4F7556}") = "Prep1", "csharp-prep\Prep1\Prep1.csproj", "{CD7BAD38-6CD9-4961-A2C9-435D097B43BF}"
EndProject
Project("{9A19103F-16F7-4668-BE54-9A1E7A4F7556}") = "Prep2", "csharp-prep\Prep2\Prep2.csproj", "{BC8459BD-94CE-4799-B8DD-4874AFBC048F}"
EndProject
Project("{9A19103F-16F7-4668-BE54-9A1E7A4F7556}") = "Prep3", "csharp-prep\Prep3\Prep3.csproj", "{AFB41F46-15A6-48C8-9ECE-C1C2C9009FBA}"
EndProject
Project("{9A19103F-16F7-4668-BE54-9A1E7A4F7556}") = "Prep4", "csharp-prep\Prep4\Prep4.csproj", "{AAD90014-C531-45DD-ABFC-51BF736C8295}"
EndProject
Project("{9A19103F-16F7-4668-BE54-9A1E7A4F7556}") = "Prep5", "csharp-prep\Prep5\Prep5.csproj", "{652C7316-0EFE-4B22-AA40-698A2F171E7E}"
EndProject
Project("{2150E333-8FDC-42A3-9474-1A3956D46DE8}") = "final", "final", "{B45300F3-1F9A-48A4-A58F-08D87C7CCDCB}"
EndProject
Project("{9A19103F-16F7-4668-BE54-9A1E7A4F7556}") = "FinalProject", "final\FinalProject\FinalProject.csproj", "{52B70034-BB45-4A71-816B-C705F9BA30AE}"
EndProject
Project("{9A19103F-16F7-4668-BE54-9A1E7A4F7556}") = "Foundation1", "final\Foundation1\Foundation1.csproj", "{D6174DF4-DCB8-4BAB-9DBF-A398D71C631A}"
EndProject
Project("{9A19103F-16F7-4668-BE54-9A1E7A4F7556}") = "Foundation2", "final\Foundation2\Foundation2.csproj", "{7BD4196C-3506-4539-84D6-40616AFE7823}"
EndProject
Project("{9A19103F-16F7-4668-BE54-9A1E7A4F7556}") = "Foundation3", "final\Foundation3\Foundation3.csproj", "{0F2915B3-4DFD-4C9C-B226-B3C7EFB658BE}"
EndProject
Project("{9A19103F-16F7-4668-BE54-9A1E7A4F7556}") = "Foundation4", "final\Foundation4\Foundation4.csproj", "{E22CCFFA-B6BA-4754-B9F6-3271BC9141F5}"
EndProject
Project("{2150E333-8FDC-42A3-9474-1A3956D46DE8}") = "prepare", "prepare", "{147E3F81-DB48-4112-9B9B-F3D4908CCAF4}"
EndProject
Project("{9A19103F-16F7-4668-BE54-9A1E7A4F7556}") = "Learning02", "prepare\Learning02\Learning02.csproj", "{53BB2025-9EDA-4381-96E0-2A0A266D0A83}"
EndProject
Project("{9A19103F-16F7-4668-BE54-9A1E7A4F7556}") = "Learning03", "prepare\Learning03\Learning03.csproj", "{97A8C312-1C1F-4B00-977F-AD59C1252501}"
EndProject
Project("{9A19103F-16F7-4668-BE54-9A1E7A4F7556}") = "Learning04", "prepare\Learning04\Learning04.csproj", "{D698E85E-B5D5-43CD-AE01-38D2E3F8BCF9}"
EndProject
Project("{9A19103F-16F7-4668-BE54-9A1E7A4F7556}") = "Learning05", "prepare\Learning05\Learning05.csproj", "{245D4D1C-6E75-4FCB-9C92-39A7590AF360}"
EndProject
Project("{2150E333-8FDC-42A3-9474-1A3956D46DE8}") = "prove", "prove", "{F808FC14-8102-4035-89B5-8D34C1BB803B}"
EndProject
Project("{9A19103F-16F7-4668-BE54-9A1E7A4F7556}") = "Develop02", "prove\Develop02\Develop02.csproj", "{02123096-E97E-48AF-8108-EEF9A5905EE9}"
EndProject
Project("{9A19103F-16F7-4668-BE54-9A1E7A4F7556}") = "Develop03", "prove\Develop03\Develop03.csproj", "{5B8A59B6-3E31-4685-B3EC-4C57E448EDAA}"
EndProject
Project("{9A19103F-16F7-4668-BE54-9A1E7A4F7556}") = "Develop04", "prove\Develop04\Develop04.csproj", "{99AE798C-9344-473E-9544-063613866402}"
EndProject
Project("{9A19103F-16F7-4668-BE54-9A1E7A4F7556}") = "Develop05", "prove\Develop05\Develop05.csproj", "{C44D2175-6681-40CA-A5BD-E2F5AF430CBE}"
EndProject
Project("{2150E333-8FDC-42A3-9474-1A3956D46DE8}") = "sandbox", "sandbox", "{19E10EA0-74C0-4822-8711-9B547982F0BE}"
EndProject
Project("{9A19103F-16F7-4668-BE54-9A1E7A4F7556}") = "Sandbox", "sandbox\Sandbox\Sandbox.csproj", "{F3A1BFDE-E11C-4BBF-8A5A-75C3AEDAE9E8}"
EndProject
Global
	GlobalSection(SolutionConfigurationPlatforms) = preSolution
		Debug|Any CPU = Debug|Any CPU
		Release|Any CPU = Release|Any CPU
	EndGlobalSection
	GlobalSection(ProjectConfigurationPlatforms) = postSolution
		{CD7BAD38-6CD9-4961-A2C9-435D097B43BF}.Debug|Any CPU.ActiveCfg = Debug|Any CPU
		{CD7BAD38-6CD9-4961-A2C9-435D097B43BF}.Debug|Any CPU.Build.0 = Debug|Any CPU
		{CD7BAD38-6CD9-4961-A2C9-435D097B43BF}.Release|Any CPU.ActiveCfg = Release|Any CPU
		{CD7BAD38-6CD9-4961-A2C9-435D097B43BF}.Release|Any CPU.Build.0 = Release|Any CPU
		{BC8459BD-94CE-4799-B8DD-4874AFBC048F}.Debug|Any CPU.ActiveCfg = Debug|Any CPU
		{BC8459BD-94CE-4799-B8DD-4874AFBC048F}.Debug|Any CPU.Build.0 = Debug|Any CPU
		{BC8459BD-94CE-4799-B8DD-4874AFBC048F}.Release|Any CPU.ActiveCfg = Release|Any CPU
		{BC8459BD-94CE-4799-B8DD-4874AFBC048F}.Release|Any CPU.Build.0 = Release|Any CPU
		{AFB41F46-15A6-48C8-9ECE-C1C2C9009FBA}.Debug|Any CPU.ActiveCfg = Debug|Any CPU
		{AFB41F46-15A6-48C8-9ECE-C1C2C9009FBA}.Debug|Any CPU.Build.0 = Debug|Any CPU
		{AFB41F46-15A6-48C8-9ECE-C1C2C9009FBA}.Release|Any CPU.ActiveCfg = Release|Any CPU
		{AFB41F46-15A6-48C8-9ECE-C1C2C9009FBA}.Release|Any CPU.Build.0 = Release|Any CPU
		{AAD90014-C531-45DD-ABFC-51BF736C8295}.Debug|Any CPU.ActiveCfg = Debug|Any CPU
		{AAD90014-C531-45DD-ABFC-51BF736C8295}.Debug|Any CPU.Build.0 = Debug|Any CPU
		{AAD90014-C531-45DD-ABFC-51BF736C8295}.Release|Any CPU.ActiveCfg = Release|Any CPU
		{AAD90014-C531-45DD-ABFC-51BF736C8295}.Release|Any CPU.Build.0 = Release|Any CPU
		{652C7316-0EFE-4B22-AA40-698A2F171E7E}.Debug|Any CPU.ActiveCfg = Debug|Any CPU
		{652C7316-0EFE-4B22-AA40-698A2F171E7E}.Debug|Any CPU.Build.0 = Debug|Any CPU
		{652C7316-0EFE-4B22-AA40-698A2F171E7E}.Release|Any CPU.ActiveCfg = Release|Any CPU
		{652C7316-0EFE-4B22-AA40-698A2F171E7E}.Release|Any CPU.Build.0 = Release|Any CPU
		{52B70034-BB45-4A71-816B-C705F9BA30AE}.Debug|Any CPU.ActiveCfg = Debug|Any CPU
		{52B70034-BB45-4A71-816B-C705F9BA30AE}.Debug|Any CPU.Build.0 = Debug|Any CPU
		{52B70034-BB45-4A71-816B-C705F9BA30AE}.Release|Any CPU.ActiveCfg = Release|Any CPU
		{52B70034-BB45-4A71-816B-C705F9BA30AE}.Release|Any CPU.Build.0 = Release|Any CPU
		{D6174DF4-DCB8-4BAB-9DBF-A398D71C631A}.Debug|Any CPU.ActiveCfg = Debug|Any CPU
		{D6174DF4-DCB8-4BAB-9DBF-A398D71C631A}.Debug|Any CPU.Build.0 = Debug|Any CPU
		{D6174DF4-DCB8-4BAB-9DBF-A398D71C631A}.Release|Any CPU.ActiveCfg = Release|Any CPU
		{D6174DF4-DCB8-4BAB-9DBF-A398D71C631A}.Release|Any CPU.Build.0 = Release|Any CPU
		{7BD4196C-3506-4539-84D6-40616AFE7823}.Debug|Any CPU.ActiveCfg = Debug|Any CPU
		{7BD4196C-3506-4539-84D6-40616AFE7823}.Debug|Any CPU.Build.0 = Debug|Any CPU
		{7BD4196C-3506-4539-84D6-40616AFE7823}.Release|Any CPU.ActiveCfg = Release|Any CPU
		{7BD4196C-3506-4539-84D6-40616AFE7823}.Release|Any CPU.Build.0 = Release|Any CPU
		{0F2915B3-4DFD-4C9C-B226-B3C7EFB658BE}.Debug|Any CPU.ActiveCfg = Debug|Any CPU
		{0F2915B3-4DFD-4C9C-B226-B3C7EFB658BE}.Debug|Any CPU.Build.0 = Debug|Any CPU
		{0F2915B3-4DFD-4C9C-B226-B3C7EFB658BE}.Release|Any CPU.ActiveCfg = Release|Any CPU
		{0F2915B3-4DFD-4C9C-B226-B3C7EFB658BE}.Release|Any CPU.Build.0 = Release|Any CPU
		{E22CCFFA-B6BA-4754-B9F6-3271BC9141F5}.Debug|Any CPU.ActiveCfg = Debug|Any CPU
		{E22CCFFA-B6BA-4754-B9F6-3271BC9141F5}.Debug|Any CPU.Build.0 = Debug|Any CPU
		{E22CCFFA-B6BA-4754-B9F6-3271BC9141F5}.Release|Any CPU.ActiveCfg = Release|Any CPU
		{E22CCFFA-B6BA-4754-B9F6-3271BC9141F5}.Release|Any CPU.Build.0 = Release|Any CPU
		{53BB2025-9EDA-4381-96E0-2A0A266D0A83}.Debug|Any CPU.ActiveCfg = Debug|Any CPU
		{53BB2025-9EDA-4381-96E0-2A0A266D0A83}.Debug|Any CPU.Build.0 = Debug|Any CPU
		{53BB2025-9EDA-4381-96E0-2A0A266D0A83}.Release|Any CPU.ActiveCfg = Release|Any CPU
		{53BB2025-9EDA-4381-96E0-2A0A266D0A83}.Release|Any CPU.Build.0 = Release|Any CPU
		{97A8C312-1C1F-4B00-977F-AD59C1252501}.Debug|Any CPU.ActiveCfg = Debug|Any CPU
		{97A8C312-1C1F-4B00-977F-AD59C1252501}.Debug|Any CPU.Build.0 = Debug|Any CPU
		{97A8C312-1C1F-4B00-977F-AD59C1252501}.Release|Any CPU.ActiveCfg = Release|Any CPU
		{97A8C312-1C1F-4B00-977F-AD59C1252501}.Release|Any CPU.Build.0 = Release|Any CPU
		{D698E85E-B5D5-43CD-AE01-38D2E3F8BCF9}.Debug|Any CPU.ActiveCfg = Debug|Any CPU
		{D698E85E-B5D5-43CD-AE01-38D2E3F8BCF9}.Debug|Any CPU.Build.0 = Debug|Any CPU
		{D698E85E-B5D5-43CD-AE01-38D2E3F8BCF9}.Release|Any CPU.ActiveCfg = Release|Any CPU
		{D698E85E-B5D5-43CD-AE01-38D2E3F8BCF9}.Release|Any CPU.Build.0 = Release|Any CPU
		{245D4D1C-6E75-4FCB-9C92-39A7590AF360}.Debug|Any CPU.ActiveCfg = Debug|Any CPU
		{245D4D1C-6E75-4FCB-9C92-39A7590AF360}.Debug|Any CPU.Build.0 = Debug|Any CPU
		{245D4D1C-6E75-4FCB-9C92-39A7590AF360}.Release|Any CPU.ActiveCfg = Release|Any CPU
		{245D4D1C-6E75-4FCB-9C92-39A7590AF360}.Release|Any CPU.Build.0 = Release|Any CPU
		{02123096-E97E-48AF-8108-EEF9A5905EE9}.Debug|Any CPU.ActiveCfg = Debug|Any CPU
		{02123096-E97E-48AF-8108-EEF9A5905EE9}.Debug|Any CPU.Build.0 = Debug|Any CPU
		{02123096-E97E-48AF-8108-EEF9A5905EE9}.Release|Any CPU.ActiveCfg = Release|Any CPU
		{02123096-E97E-48AF-8108-EEF9A5905EE9}.Release|Any CPU.Build.0 = Release|Any CPU
		{5B8A59B6-3E31-4685-B3EC-4C57E448EDAA}.Debug|Any CPU.ActiveCfg = Debug|Any CPU
		{5B8A59B6-3E31-4685-B3EC-4C57E448EDAA}.Debug|Any CPU.Build.0 = Debug|Any CPU
		{5B8A59B6-3E31-4685-B3EC-4C57E448EDAA}.Release|Any CPU.ActiveCfg = Release|Any CPU
		{5B8A59B6-3E31-4685-B3EC-4C57E448EDAA}.Release|Any CPU.Build.0 = Release|Any CPU
		{99AE798C-9344-473E-9544-063613866402}.Debug|Any CPU.ActiveCfg = Debug|Any CPU
		{99AE798C-9344-473E-9544-063613866402}.Debug|Any CPU.Build.0 = Debug|Any CPU
		{99AE798C-9344-473E-9544-063613866402}.Release|Any CPU.ActiveCfg = Release|Any CPU
		{99AE798C-9344-473E-9544-063613866402}.Release|Any CPU.Build.0 = Release|Any CPU
		{C44D2175-6681-40CA-A5BD-E2F5AF430CBE}.Debug|Any CPU.ActiveCfg = Debug|Any CPU
		{C44D2175-6681-40CA-A5BD-E2F5AF430CBE}.Debug|Any CPU.Build.0 = Debug|Any CPU
		{C44D2175-6681-40CA-A5BD-E2F5AF430CBE}.Release|Any CPU.ActiveCfg = Release|Any CPU
		{C44D2175-6681-40CA-A5BD-E2F5AF430CBE}.Release|Any CPU.Build.0 = Release|Any CPU
		{F3A1BFDE-E11C-4BBF-8A5A-75C3AEDAE9E8}.Debug|Any CPU.ActiveCfg = Debug|Any CPU
		{F3A1BFDE-E11C-4BBF-8A5A-75C3AEDAE9E8}.Debug|Any CPU.Build.0 = Debug|Any CPU
		{F3A1BFDE-E11C-4BBF-8A5A-75C3AEDAE9E8}.Release|Any CPU.ActiveCfg = Release|Any CPU
		{F3A1BFDE-E11C-4BBF-8A5A-75C3AEDAE9E8}.Release|Any CPU.Build.0 = Release|Any CPU
	EndGlobalSection
	GlobalSection(SolutionProperties) = preSolution
		HideSolutionNode = FALSE
	EndGlobalSection
	GlobalSection(NestedProjects) = preSolution
		{CD7BAD38-6CD9-4961-A2C9-435D097B43BF} = {45AA7B87-D593-4C8C-8B98-BF3F5BE32F85}
		{BC8459BD-94CE-4799-B8DD-4874AFBC048F} = {45AA7B87-D593-4C8C-8B98-BF3F5BE32F85}
		{AFB41F46-15A6-48C8-9ECE-C1C2C9009FBA} = {45AA7B87-D593-4C8C-8B98-BF3F5BE32F85}
		{AAD90014-C531-45DD-ABFC-51BF736C8295} = {45AA7B87-D593-4C8C-8B98-BF3F5BE32F85}
		{652C7316-0EFE-4B22-AA40-698A2F171E7E} = {45AA7B87-D593-4C8C-8B98-BF3F5BE32F85}
		{52B70034-BB45-4A71-816B-C705F9BA30AE} = {B45300F3-1F9A-48A4-A58F-08D87C7CCDCB}
		{D6174DF4-DCB8-4BAB-9DBF-A398D71C631A} = {B45300F3-1F9A-48A4-A58F-08D87C7CCDCB}
		{7BD4196C-3506-4539-84D6-40616AFE7823} = {B45300F3-1F9A-48A4-A58F-08D87C7CCDCB}
		{0F2915B3-4DFD-4C9C-B226-B3C7EFB658BE} = {B45300F3-1F9A-48A4-A58F-08D87C7CCDCB}
		{E22CCFFA-B6BA-4754-B9F6-3271BC9141F5} = {B45300F3-1F9A-48A4-A58F-08D87C7CCDCB}
		{53BB2025-9EDA-4381-96E0-2A0A266D0A83} = {147E3F81-DB48-4112-9B9B-F3D4908CCAF4}
		{97A8C312-1C1F-4B00-977F-AD59C1252501} = {147E3F81-DB48-4112-9B9B-F3D4908CCAF4}
		{D698E85E-B5D5-43CD-AE01-38D2E3F8BCF9} = {147E3F81-DB48-4112-9B9B-F3D4908CCAF4}
		{245D4D1C-6E75-4FCB-9C92-39A7590AF360} = {147E3F81-DB48-4112-9B9B-F3D4908CCAF4}
		{02123096-E97E-48AF-8108-EEF9A5905EE9} = {F808FC14-8102-4035-89B5-8D34C1BB803B}
		{5B8A59B6-3E31-4685-B3EC-4C57E448EDAA} = {F808FC14-8102-4035-89B5-8D34C1BB803B}
		{99AE798C-9344-473E-9544-063613866402} = {F808FC14-8102-4035-89B5-8D34C1BB803B}
		{C44D2175-6681-40CA-A5BD-E2F5AF430CBE} = {F808FC14-8102-4035-89B5-8D34C1BB803B}
		{F3A1BFDE-E11C-4BBF-8A5A-75C3AEDAE9E8} = {19E10EA0-74C0-4822-8711-9B547982F0BE}
	EndGlobalSection
	GlobalSection(ExtensibilityGlobals) = postSolution
		SolutionGuid = {3EB291F8-3602-430D-8D17-46E6215E1E60}
	EndGlobalSection
EndGlobal
